
Microsoft Visual Studio Solution File, Format Version 12.00
# Visual Studio Version 17
VisualStudioVersion = 17.14.36414.22 d17.14
MinimumVisualStudioVersion = 10.0.40219.1
Project("{FAE04EC0-301F-11D3-BF4B-00C04F79EFBC}") = "ClassesManager.DBModels", "ClassesManager.DBModels.csproj", "{CFC89257-7922-41B8-9863-06E5984AD74C}"
EndProject
Project("{FAE04EC0-301F-11D3-BF4B-00C04F79EFBC}") = "ClassesManager.CommonComponents", "..\ClassesManager.CommonComponents\ClassesManager.CommonComponents.csproj", "{F9D7E36D-107A-492D-8D8D-9F772B7724B6}"
EndProject
Project("{FAE04EC0-301F-11D3-BF4B-00C04F79EFBC}") = "ClassesManager.UIModels", "..\ClassesManager.UIModels\ClassesManager.UIModels.csproj", "{619586B8-234B-4EED-963E-1C6C2FC276EE}"
EndProject
Project("{FAE04EC0-301F-11D3-BF4B-00C04F79EFBC}") = "ClassesManager.Services", "..\ClassesManager.Services\ClassesManager.Services.csproj", "{3D0360BB-72B9-41E9-845E-85F0F2151373}"
EndProject
Global
	GlobalSection(SolutionConfigurationPlatforms) = preSolution
		Debug|Any CPU = Debug|Any CPU
		Release|Any CPU = Release|Any CPU
	EndGlobalSection
	GlobalSection(ProjectConfigurationPlatforms) = postSolution
		{CFC89257-7922-41B8-9863-06E5984AD74C}.Debug|Any CPU.ActiveCfg = Debug|Any CPU
		{CFC89257-7922-41B8-9863-06E5984AD74C}.Debug|Any CPU.Build.0 = Debug|Any CPU
		{CFC89257-7922-41B8-9863-06E5984AD74C}.Release|Any CPU.ActiveCfg = Release|Any CPU
		{CFC89257-7922-41B8-9863-06E5984AD74C}.Release|Any CPU.Build.0 = Release|Any CPU
		{F9D7E36D-107A-492D-8D8D-9F772B7724B6}.Debug|Any CPU.ActiveCfg = Debug|Any CPU
		{F9D7E36D-107A-492D-8D8D-9F772B7724B6}.Debug|Any CPU.Build.0 = Debug|Any CPU
		{F9D7E36D-107A-492D-8D8D-9F772B7724B6}.Release|Any CPU.ActiveCfg = Release|Any CPU
		{F9D7E36D-107A-492D-8D8D-9F772B7724B6}.Release|Any CPU.Build.0 = Release|Any CPU
		{619586B8-234B-4EED-963E-1C6C2FC276EE}.Debug|Any CPU.ActiveCfg = Debug|Any CPU
		{619586B8-234B-4EED-963E-1C6C2FC276EE}.Debug|Any CPU.Build.0 = Debug|Any CPU
		{619586B8-234B-4EED-963E-1C6C2FC276EE}.Release|Any CPU.ActiveCfg = Release|Any CPU
		{619586B8-234B-4EED-963E-1C6C2FC276EE}.Release|Any CPU.Build.0 = Release|Any CPU
		{3D0360BB-72B9-41E9-845E-85F0F2151373}.Debug|Any CPU.ActiveCfg = Debug|Any CPU
		{3D0360BB-72B9-41E9-845E-85F0F2151373}.Debug|Any CPU.Build.0 = Debug|Any CPU
		{3D0360BB-72B9-41E9-845E-85F0F2151373}.Release|Any CPU.ActiveCfg = Release|Any CPU
		{3D0360BB-72B9-41E9-845E-85F0F2151373}.Release|Any CPU.Build.0 = Release|Any CPU
	EndGlobalSection
	GlobalSection(SolutionProperties) = preSolution
		HideSolutionNode = FALSE
	EndGlobalSection
	GlobalSection(ExtensibilityGlobals) = postSolution
		SolutionGuid = {6F1B774B-22A7-4622-A918-0100B2E01E23}
	EndGlobalSection
EndGlobal
