
Microsoft Visual Studio Solution File, Format Version 12.00
# Visual Studio Version 17
VisualStudioVersion = 17.14.36414.22
MinimumVisualStudioVersion = 10.0.40219.1
Project("{FAE04EC0-301F-11D3-BF4B-00C04F79EFBC}") = "ClassesManager.DBModels", "ClassesManager.DBModels.csproj", "{CFC89257-7922-41B8-9863-06E5984AD74C}"
EndProject
Project("{FAE04EC0-301F-11D3-BF4B-00C04F79EFBC}") = "ClassesManager.CommonComponents", "..\ClassesManager.CommonComponents\ClassesManager.CommonComponents.csproj", "{F9D7E36D-107A-492D-8D8D-9F772B7724B6}"
EndProject
Project("{FAE04EC0-301F-11D3-BF4B-00C04F79EFBC}") = "ClassesManager.Services", "..\ClassesManager.Services\ClassesManager.Services.csproj", "{3D0360BB-72B9-41E9-845E-85F0F2151373}"
EndProject
Project("{FAE04EC0-301F-11D3-BF4B-00C04F79EFBC}") = "ClassesManager", "..\ClassesManager\ClassesManager.csproj", "{B81A5866-79A7-45B0-8288-6EE089252359}"
EndProject
Project("{FAE04EC0-301F-11D3-BF4B-00C04F79EFBC}") = "ClassesManager.Repositories", "..\ClassesManager.Repositories\ClassesManager.Repositories.csproj", "{C3D717B2-3E89-416D-AAB6-3C67A1571F9E}"
EndProject
Project("{FAE04EC0-301F-11D3-BF4B-00C04F79EFBC}") = "ClassesManager.DTOModels", "..\ClassesManager.DTOModels\ClassesManager.DTOModels.csproj", "{91737017-24ED-406D-9853-F8B13173EE40}"
EndProject
Global
	GlobalSection(SolutionConfigurationPlatforms) = preSolution
		Debug|Any CPU = Debug|Any CPU
		Release|Any CPU = Release|Any CPU
	EndGlobalSection
	GlobalSection(ProjectConfigurationPlatforms) = postSolution
		{CFC89257-7922-41B8-9863-06E5984AD74C}.Debug|Any CPU.ActiveCfg = Debug|Any CPU
		{CFC89257-7922-41B8-9863-06E5984AD74C}.Debug|Any CPU.Build.0 = Debug|Any CPU
		{CFC89257-7922-41B8-9863-06E5984AD74C}.Release|Any CPU.ActiveCfg = Release|Any CPU
		{CFC89257-7922-41B8-9863-06E5984AD74C}.Release|Any CPU.Build.0 = Release|Any CPU
		{F9D7E36D-107A-492D-8D8D-9F772B7724B6}.Debug|Any CPU.ActiveCfg = Debug|Any CPU
		{F9D7E36D-107A-492D-8D8D-9F772B7724B6}.Debug|Any CPU.Build.0 = Debug|Any CPU
		{F9D7E36D-107A-492D-8D8D-9F772B7724B6}.Release|Any CPU.ActiveCfg = Release|Any CPU
		{F9D7E36D-107A-492D-8D8D-9F772B7724B6}.Release|Any CPU.Build.0 = Release|Any CPU
		{3D0360BB-72B9-41E9-845E-85F0F2151373}.Debug|Any CPU.ActiveCfg = Debug|Any CPU
		{3D0360BB-72B9-41E9-845E-85F0F2151373}.Debug|Any CPU.Build.0 = Debug|Any CPU
		{3D0360BB-72B9-41E9-845E-85F0F2151373}.Release|Any CPU.ActiveCfg = Release|Any CPU
		{3D0360BB-72B9-41E9-845E-85F0F2151373}.Release|Any CPU.Build.0 = Release|Any CPU
		{B81A5866-79A7-45B0-8288-6EE089252359}.Debug|Any CPU.ActiveCfg = Debug|Any CPU
		{B81A5866-79A7-45B0-8288-6EE089252359}.Debug|Any CPU.Build.0 = Debug|Any CPU
		{B81A5866-79A7-45B0-8288-6EE089252359}.Debug|Any CPU.Deploy.0 = Debug|Any CPU
		{B81A5866-79A7-45B0-8288-6EE089252359}.Release|Any CPU.ActiveCfg = Release|Any CPU
		{B81A5866-79A7-45B0-8288-6EE089252359}.Release|Any CPU.Build.0 = Release|Any CPU
		{C3D717B2-3E89-416D-AAB6-3C67A1571F9E}.Debug|Any CPU.ActiveCfg = Debug|Any CPU
		{C3D717B2-3E89-416D-AAB6-3C67A1571F9E}.Debug|Any CPU.Build.0 = Debug|Any CPU
		{C3D717B2-3E89-416D-AAB6-3C67A1571F9E}.Release|Any CPU.ActiveCfg = Release|Any CPU
		{C3D717B2-3E89-416D-AAB6-3C67A1571F9E}.Release|Any CPU.Build.0 = Release|Any CPU
		{91737017-24ED-406D-9853-F8B13173EE40}.Debug|Any CPU.ActiveCfg = Debug|Any CPU
		{91737017-24ED-406D-9853-F8B13173EE40}.Debug|Any CPU.Build.0 = Debug|Any CPU
		{91737017-24ED-406D-9853-F8B13173EE40}.Release|Any CPU.ActiveCfg = Release|Any CPU
		{91737017-24ED-406D-9853-F8B13173EE40}.Release|Any CPU.Build.0 = Release|Any CPU
	EndGlobalSection
	GlobalSection(SolutionProperties) = preSolution
		HideSolutionNode = FALSE
	EndGlobalSection
	GlobalSection(ExtensibilityGlobals) = postSolution
		SolutionGuid = {6F1B774B-22A7-4622-A918-0100B2E01E23}
	EndGlobalSection
EndGlobal
